github.com/tobiashort/ansi-go v0.0.0-20250806124809-2629ce31199d h1:KCznFY8B2c+HW83hT67OEDLmNA4t5sEGrjHVDLA6ZhY=
github.com/tobiashort/ansi-go v0.0.0-20250806124809-2629ce31199d/go.mod h1:yPoTE564mrx3g7842t9vvduaGlzo38iKRjIqtGANbyU=
github.com/tobiashort/cfmt-go v0.0.0-20250806124920-965c74ae1783 h1:sbT91KvVN8EjNZ63c1PKyolrC0oXAXZ53rggAL/jeHQ=
github.com/tobiashort/cfmt-go v0.0.0-20250806124920-965c74ae1783/go.mod h1:8pFtdCkzBpY6F+Kmqs+Mi7IJL7ysW+lershVsCLWMcc=
github.com/tobiashort/isatty-go v0.0.0-20250729193227-00bbda39413c h1:bHu0yDhCDLYWwUvEf+5KUOzb2VNX8F5E046AWbHkHeY=
github.com/tobiashort/isatty-go v0.0.0-20250729193227-00bbda39413c/go.mod h1:SR1HPbCAU42WyNiMZUkT4uaFR0BhWEUI++hmevlg46Y=
